
Microsoft Visual Studio Solution File, Format Version 12.00
# Visual Studio Version 17
VisualStudioVersion = 17.12.35527.113
MinimumVisualStudioVersion = 10.0.40219.1
Project("{FAE04EC0-301F-11D3-BF4B-00C04F79EFBC}") = "WpfApp2", "WpfApp2.csproj", "{2FAB6C81-2732-4537-A9B8-B7043456DACF}"
EndProject
Project("{FAE04EC0-301F-11D3-BF4B-00C04F79EFBC}") = "aruco_test", "..\aruco_test\aruco_test.csproj", "{BB42D055-E81E-4ED2-A5C1-199E384B7E89}"
EndProject
Global
	GlobalSection(SolutionConfigurationPlatforms) = preSolution
		Debug|Any CPU = Debug|Any CPU
		Release|Any CPU = Release|Any CPU
	EndGlobalSection
	GlobalSection(ProjectConfigurationPlatforms) = postSolution
		{2FAB6C81-2732-4537-A9B8-B7043456DACF}.Debug|Any CPU.ActiveCfg = Debug|Any CPU
		{2FAB6C81-2732-4537-A9B8-B7043456DACF}.Debug|Any CPU.Build.0 = Debug|Any CPU
		{2FAB6C81-2732-4537-A9B8-B7043456DACF}.Release|Any CPU.ActiveCfg = Release|Any CPU
		{2FAB6C81-2732-4537-A9B8-B7043456DACF}.Release|Any CPU.Build.0 = Release|Any CPU
		{BB42D055-E81E-4ED2-A5C1-199E384B7E89}.Debug|Any CPU.ActiveCfg = Debug|Any CPU
		{BB42D055-E81E-4ED2-A5C1-199E384B7E89}.Debug|Any CPU.Build.0 = Debug|Any CPU
		{BB42D055-E81E-4ED2-A5C1-199E384B7E89}.Release|Any CPU.ActiveCfg = Release|Any CPU
		{BB42D055-E81E-4ED2-A5C1-199E384B7E89}.Release|Any CPU.Build.0 = Release|Any CPU
	EndGlobalSection
	GlobalSection(SolutionProperties) = preSolution
		HideSolutionNode = FALSE
	EndGlobalSection
EndGlobal
